
Microsoft Visual Studio Solution File, Format Version 12.00
# Visual Studio 15
VisualStudioVersion = 15.0.28010.2048
MinimumVisualStudioVersion = 10.0.40219.1
Project("{FAE04EC0-301F-11D3-BF4B-00C04F79EFBC}") = "utro_wpf", "utro_wpf\utro_wpf.csproj", "{A6B4A0A7-DEDB-4780-8755-1F4B0B5AB699}"
EndProject
Project("{FAE04EC0-301F-11D3-BF4B-00C04F79EFBC}") = "utro_wpf.core", "utro_wpf.core\utro_wpf.core.csproj", "{EF6ACB95-8BF6-4DCA-B990-232D17F2E9DC}"
EndProject
Global
	GlobalSection(SolutionConfigurationPlatforms) = preSolution
		Debug|Any CPU = Debug|Any CPU
		Release|Any CPU = Release|Any CPU
	EndGlobalSection
	GlobalSection(ProjectConfigurationPlatforms) = postSolution
		{A6B4A0A7-DEDB-4780-8755-1F4B0B5AB699}.Debug|Any CPU.ActiveCfg = Debug|Any CPU
		{A6B4A0A7-DEDB-4780-8755-1F4B0B5AB699}.Debug|Any CPU.Build.0 = Debug|Any CPU
		{A6B4A0A7-DEDB-4780-8755-1F4B0B5AB699}.Release|Any CPU.ActiveCfg = Release|Any CPU
		{A6B4A0A7-DEDB-4780-8755-1F4B0B5AB699}.Release|Any CPU.Build.0 = Release|Any CPU
		{EF6ACB95-8BF6-4DCA-B990-232D17F2E9DC}.Debug|Any CPU.ActiveCfg = Debug|Any CPU
		{EF6ACB95-8BF6-4DCA-B990-232D17F2E9DC}.Debug|Any CPU.Build.0 = Debug|Any CPU
		{EF6ACB95-8BF6-4DCA-B990-232D17F2E9DC}.Release|Any CPU.ActiveCfg = Release|Any CPU
		{EF6ACB95-8BF6-4DCA-B990-232D17F2E9DC}.Release|Any CPU.Build.0 = Release|Any CPU
	EndGlobalSection
	GlobalSection(SolutionProperties) = preSolution
		HideSolutionNode = FALSE
	EndGlobalSection
	GlobalSection(ExtensibilityGlobals) = postSolution
		SolutionGuid = {339FCC97-BF8F-4B6B-A602-C6EAC52E1433}
	EndGlobalSection
EndGlobal
